
Microsoft Visual Studio Solution File, Format Version 12.00
# Visual Studio 2012
Project("{FAE04EC0-301F-11D3-BF4B-00C04F79EFBC}") = "WSOL.EktronCms.ContentMaker40", "WSOL.EktronCms.ContentMaker40\WSOL.EktronCms.ContentMaker40.csproj", "{4232C8D6-0FD3-4F7B-A581-9BD8991117E8}"
EndProject
Project("{2150E333-8FDC-42A3-9474-1A3956D46DE8}") = ".build", ".build", "{07563C00-00DE-49FE-9DCC-7CFDDC21407D}"
	ProjectSection(SolutionItems) = preProject
		Build.proj = Build.proj
		.build\MSBuild.Community.Tasks.dll = .build\MSBuild.Community.Tasks.dll
		.build\MSBuild.Community.Tasks.targets = .build\MSBuild.Community.Tasks.targets
	EndProjectSection
EndProject
Project("{FAE04EC0-301F-11D3-BF4B-00C04F79EFBC}") = "WSOL.EktronCms.ContentMaker.Samples", "WSOL.EktronCms.ContentMaker.Samples\WSOL.EktronCms.ContentMaker.Samples.csproj", "{3C948112-FD6B-4B16-9437-05848188F6DD}"
EndProject
Project("{FAE04EC0-301F-11D3-BF4B-00C04F79EFBC}") = "WSOL.EktronCms.ContentMaker", "WSOL.EktronCms.ContentMaker\WSOL.EktronCms.ContentMaker.csproj", "{C6095CD5-D366-4F37-98CD-6C8C22FCA1A7}"
EndProject
Project("{FAE04EC0-301F-11D3-BF4B-00C04F79EFBC}") = "WSOL.EktronCms.ContentMaker35", "WSOL.EktronCms.ContentMaker35\WSOL.EktronCms.ContentMaker35.csproj", "{7C9D09BE-796D-4D2E-BFD9-3C27D6A3E6DD}"
EndProject
Global
	GlobalSection(SolutionConfigurationPlatforms) = preSolution
		Debug|Any CPU = Debug|Any CPU
		Release|Any CPU = Release|Any CPU
	EndGlobalSection
	GlobalSection(ProjectConfigurationPlatforms) = postSolution
		{4232C8D6-0FD3-4F7B-A581-9BD8991117E8}.Debug|Any CPU.ActiveCfg = Debug|Any CPU
		{4232C8D6-0FD3-4F7B-A581-9BD8991117E8}.Debug|Any CPU.Build.0 = Debug|Any CPU
		{4232C8D6-0FD3-4F7B-A581-9BD8991117E8}.Release|Any CPU.ActiveCfg = Release|Any CPU
		{4232C8D6-0FD3-4F7B-A581-9BD8991117E8}.Release|Any CPU.Build.0 = Release|Any CPU
		{3C948112-FD6B-4B16-9437-05848188F6DD}.Debug|Any CPU.ActiveCfg = Debug|Any CPU
		{3C948112-FD6B-4B16-9437-05848188F6DD}.Debug|Any CPU.Build.0 = Debug|Any CPU
		{3C948112-FD6B-4B16-9437-05848188F6DD}.Release|Any CPU.ActiveCfg = Release|Any CPU
		{3C948112-FD6B-4B16-9437-05848188F6DD}.Release|Any CPU.Build.0 = Release|Any CPU
		{C6095CD5-D366-4F37-98CD-6C8C22FCA1A7}.Debug|Any CPU.ActiveCfg = Debug|Any CPU
		{C6095CD5-D366-4F37-98CD-6C8C22FCA1A7}.Debug|Any CPU.Build.0 = Debug|Any CPU
		{C6095CD5-D366-4F37-98CD-6C8C22FCA1A7}.Release|Any CPU.ActiveCfg = Release|Any CPU
		{C6095CD5-D366-4F37-98CD-6C8C22FCA1A7}.Release|Any CPU.Build.0 = Release|Any CPU
		{7C9D09BE-796D-4D2E-BFD9-3C27D6A3E6DD}.Debug|Any CPU.ActiveCfg = Debug|Any CPU
		{7C9D09BE-796D-4D2E-BFD9-3C27D6A3E6DD}.Debug|Any CPU.Build.0 = Debug|Any CPU
		{7C9D09BE-796D-4D2E-BFD9-3C27D6A3E6DD}.Release|Any CPU.ActiveCfg = Release|Any CPU
		{7C9D09BE-796D-4D2E-BFD9-3C27D6A3E6DD}.Release|Any CPU.Build.0 = Release|Any CPU
	EndGlobalSection
	GlobalSection(SolutionProperties) = preSolution
		HideSolutionNode = FALSE
	EndGlobalSection
EndGlobal
